
Microsoft Visual Studio Solution File, Format Version 12.00
# Visual Studio Version 16
VisualStudioVersion = 16.0.29411.108
MinimumVisualStudioVersion = 10.0.40219.1
Project("{8BC9CEB8-8B4A-11D0-8D11-00A0C91BC942}") = "parallel_integral_openmp", "parallel_integral_openmp\parallel_integral_openmp.vcxproj", "{460A6D26-AF86-4177-A9FC-EAFCCA40735D}"
EndProject
Global
	GlobalSection(SolutionConfigurationPlatforms) = preSolution
		Debug|x64 = Debug|x64
		Debug|x86 = Debug|x86
		Release|x64 = Release|x64
		Release|x86 = Release|x86
	EndGlobalSection
	GlobalSection(ProjectConfigurationPlatforms) = postSolution
		{460A6D26-AF86-4177-A9FC-EAFCCA40735D}.Debug|x64.ActiveCfg = Debug|x64
		{460A6D26-AF86-4177-A9FC-EAFCCA40735D}.Debug|x64.Build.0 = Debug|x64
		{460A6D26-AF86-4177-A9FC-EAFCCA40735D}.Debug|x86.ActiveCfg = Debug|Win32
		{460A6D26-AF86-4177-A9FC-EAFCCA40735D}.Debug|x86.Build.0 = Debug|Win32
		{460A6D26-AF86-4177-A9FC-EAFCCA40735D}.Release|x64.ActiveCfg = Release|x64
		{460A6D26-AF86-4177-A9FC-EAFCCA40735D}.Release|x64.Build.0 = Release|x64
		{460A6D26-AF86-4177-A9FC-EAFCCA40735D}.Release|x86.ActiveCfg = Release|Win32
		{460A6D26-AF86-4177-A9FC-EAFCCA40735D}.Release|x86.Build.0 = Release|Win32
	EndGlobalSection
	GlobalSection(SolutionProperties) = preSolution
		HideSolutionNode = FALSE
	EndGlobalSection
	GlobalSection(ExtensibilityGlobals) = postSolution
		SolutionGuid = {B7BF9757-0B25-48B1-97D9-394C8B210E38}
	EndGlobalSection
EndGlobal
